// !$*UTF8*$!
{
	archiveVersion = 1;
	classes = {
	};
	objectVersion = 55;
	objects = {

/* Begin PBXBuildFile section */
		F825E0D127F788D4001B29C7 /* AppDelegate.swift in Sources */ = {isa = PBXBuildFile; fileRef = F825E0D027F788D4001B29C7 /* AppDelegate.swift */; };
		F825E0D327F788D4001B29C7 /* SceneDelegate.swift in Sources */ = {isa = PBXBuildFile; fileRef = F825E0D227F788D4001B29C7 /* SceneDelegate.swift */; };
		F825E0D527F788D4001B29C7 /* MarvelController.swift in Sources */ = {isa = PBXBuildFile; fileRef = F825E0D427F788D4001B29C7 /* MarvelController.swift */; };
		F825E0D827F788D4001B29C7 /* Main.storyboard in Resources */ = {isa = PBXBuildFile; fileRef = F825E0D627F788D4001B29C7 /* Main.storyboard */; };
		F825E0DA27F788D6001B29C7 /* Assets.xcassets in Resources */ = {isa = PBXBuildFile; fileRef = F825E0D927F788D6001B29C7 /* Assets.xcassets */; };
		F825E0DD27F788D6001B29C7 /* LaunchScreen.storyboard in Resources */ = {isa = PBXBuildFile; fileRef = F825E0DB27F788D6001B29C7 /* LaunchScreen.storyboard */; };
		F825E0E727F78A44001B29C7 /* ProfileCell.swift in Sources */ = {isa = PBXBuildFile; fileRef = F825E0E627F78A44001B29C7 /* ProfileCell.swift */; };
		F825E10F27FA8B2F001B29C7 /* API.swift in Sources */ = {isa = PBXBuildFile; fileRef = F825E10E27FA8B2F001B29C7 /* API.swift */; };
		F825E11127FA8B73001B29C7 /* MarvelApiENdereco.swift in Sources */ = {isa = PBXBuildFile; fileRef = F825E11027FA8B73001B29C7 /* MarvelApiENdereco.swift */; };
		F8692B2827FBAB5800EA0771 /* OverviewMarvel.swift in Sources */ = {isa = PBXBuildFile; fileRef = F8692B2727FBAB5800EA0771 /* OverviewMarvel.swift */; };
/* End PBXBuildFile section */

/* Begin PBXFileReference section */
		F825E0CD27F788D4001B29C7 /* Swift-Card's-API-Marvel.app */ = {isa = PBXFileReference; explicitFileType = wrapper.application; includeInIndex = 0; path = "Swift-Card's-API-Marvel.app"; sourceTree = BUILT_PRODUCTS_DIR; };
		F825E0D027F788D4001B29C7 /* AppDelegate.swift */ = {isa = PBXFileReference; lastKnownFileType = sourcecode.swift; path = AppDelegate.swift; sourceTree = "<group>"; };
		F825E0D227F788D4001B29C7 /* SceneDelegate.swift */ = {isa = PBXFileReference; lastKnownFileType = sourcecode.swift; path = SceneDelegate.swift; sourceTree = "<group>"; };
		F825E0D427F788D4001B29C7 /* MarvelController.swift */ = {isa = PBXFileReference; lastKnownFileType = sourcecode.swift; path = MarvelController.swift; sourceTree = "<group>"; };
		F825E0D727F788D4001B29C7 /* Base */ = {isa = PBXFileReference; lastKnownFileType = file.storyboard; name = Base; path = Base.lproj/Main.storyboard; sourceTree = "<group>"; };
		F825E0D927F788D6001B29C7 /* Assets.xcassets */ = {isa = PBXFileReference; lastKnownFileType = folder.assetcatalog; path = Assets.xcassets; sourceTree = "<group>"; };
		F825E0DC27F788D6001B29C7 /* Base */ = {isa = PBXFileReference; lastKnownFileType = file.storyboard; name = Base; path = Base.lproj/LaunchScreen.storyboard; sourceTree = "<group>"; };
		F825E0DE27F788D6001B29C7 /* Info.plist */ = {isa = PBXFileReference; lastKnownFileType = text.plist.xml; path = Info.plist; sourceTree = "<group>"; };
		F825E0E627F78A44001B29C7 /* ProfileCell.swift */ = {isa = PBXFileReference; lastKnownFileType = sourcecode.swift; path = ProfileCell.swift; sourceTree = "<group>"; };
		F825E10E27FA8B2F001B29C7 /* API.swift */ = {isa = PBXFileReference; lastKnownFileType = sourcecode.swift; path = API.swift; sourceTree = "<group>"; };
		F825E11027FA8B73001B29C7 /* MarvelApiENdereco.swift */ = {isa = PBXFileReference; lastKnownFileType = sourcecode.swift; path = MarvelApiENdereco.swift; sourceTree = "<group>"; };
		F8692B2727FBAB5800EA0771 /* OverviewMarvel.swift */ = {isa = PBXFileReference; lastKnownFileType = sourcecode.swift; path = OverviewMarvel.swift; sourceTree = "<group>"; };
/* End PBXFileReference section */

/* Begin PBXFrameworksBuildPhase section */
		F825E0CA27F788D4001B29C7 /* Frameworks */ = {
			isa = PBXFrameworksBuildPhase;
			buildActionMask = 2147483647;
			files = (
			);
			runOnlyForDeploymentPostprocessing = 0;
		};
/* End PBXFrameworksBuildPhase section */

/* Begin PBXGroup section */
		F825E0C427F788D4001B29C7 = {
			isa = PBXGroup;
			children = (
				F825E0CF27F788D4001B29C7 /* Swift-Card's-API-Marvel */,
				F825E0CE27F788D4001B29C7 /* Products */,
			);
			sourceTree = "<group>";
		};
		F825E0CE27F788D4001B29C7 /* Products */ = {
			isa = PBXGroup;
			children = (
				F825E0CD27F788D4001B29C7 /* Swift-Card's-API-Marvel.app */,
			);
			name = Products;
			sourceTree = "<group>";
		};
		F825E0CF27F788D4001B29C7 /* Swift-Card's-API-Marvel */ = {
			isa = PBXGroup;
			children = (
				F825E0D027F788D4001B29C7 /* AppDelegate.swift */,
				F825E0D227F788D4001B29C7 /* SceneDelegate.swift */,
				F825E0D427F788D4001B29C7 /* MarvelController.swift */,
				F825E0E627F78A44001B29C7 /* ProfileCell.swift */,
				F825E10E27FA8B2F001B29C7 /* API.swift */,
				F825E11027FA8B73001B29C7 /* MarvelApiENdereco.swift */,
				F8692B2727FBAB5800EA0771 /* OverviewMarvel.swift */,
				F825E0D627F788D4001B29C7 /* Main.storyboard */,
				F825E0D927F788D6001B29C7 /* Assets.xcassets */,
				F825E0DB27F788D6001B29C7 /* LaunchScreen.storyboard */,
				F825E0DE27F788D6001B29C7 /* Info.plist */,
			);
			path = "Swift-Card's-API-Marvel";
			sourceTree = "<group>";
		};
/* End PBXGroup section */

/* Begin PBXNativeTarget section */
		F825E0CC27F788D4001B29C7 /* Swift-Card's-API-Marvel */ = {
			isa = PBXNativeTarget;
			buildConfigurationList = F825E0E127F788D6001B29C7 /* Build configuration list for PBXNativeTarget "Swift-Card's-API-Marvel" */;
			buildPhases = (
				F825E0C927F788D4001B29C7 /* Sources */,
				F825E0CA27F788D4001B29C7 /* Frameworks */,
				F825E0CB27F788D4001B29C7 /* Resources */,
			);
			buildRules = (
			);
			dependencies = (
			);
			name = "Swift-Card's-API-Marvel";
			productName = "Swift-Card's-API-Marvel";
			productReference = F825E0CD27F788D4001B29C7 /* Swift-Card's-API-Marvel.app */;
			productType = "com.apple.product-type.application";
		};
/* End PBXNativeTarget section */

/* Begin PBXProject section */
		F825E0C527F788D4001B29C7 /* Project object */ = {
			isa = PBXProject;
			attributes = {
				BuildIndependentTargetsInParallel = 1;
				LastSwiftUpdateCheck = 1320;
				LastUpgradeCheck = 1320;
				TargetAttributes = {
					F825E0CC27F788D4001B29C7 = {
						CreatedOnToolsVersion = 13.2.1;
					};
				};
			};
			buildConfigurationList = F825E0C827F788D4001B29C7 /* Build configuration list for PBXProject "Swift-Card's-API-Marvel" */;
			compatibilityVersion = "Xcode 13.0";
			developmentRegion = en;
			hasScannedForEncodings = 0;
			knownRegions = (
				en,
				Base,
			);
			mainGroup = F825E0C427F788D4001B29C7;
			productRefGroup = F825E0CE27F788D4001B29C7 /* Products */;
			projectDirPath = "";
			projectRoot = "";
			targets = (
				F825E0CC27F788D4001B29C7 /* Swift-Card's-API-Marvel */,
			);
		};
/* End PBXProject section */

/* Begin PBXResourcesBuildPhase section */
		F825E0CB27F788D4001B29C7 /* Resources */ = {
			isa = PBXResourcesBuildPhase;
			buildActionMask = 2147483647;
			files = (
				F825E0DD27F788D6001B29C7 /* LaunchScreen.storyboard in Resources */,
				F825E0DA27F788D6001B29C7 /* Assets.xcassets in Resources */,
				F825E0D827F788D4001B29C7 /* Main.storyboard in Resources */,
			);
			runOnlyForDeploymentPostprocessing = 0;
		};
/* End PBXResourcesBuildPhase section */

/* Begin PBXSourcesBuildPhase section */
		F825E0C927F788D4001B29C7 /* Sources */ = {
			isa = PBXSourcesBuildPhase;
			buildActionMask = 2147483647;
			files = (
				F825E0D527F788D4001B29C7 /* MarvelController.swift in Sources */,
				F825E0D127F788D4001B29C7 /* AppDelegate.swift in Sources */,
				F8692B2827FBAB5800EA0771 /* OverviewMarvel.swift in Sources */,
				F825E11127FA8B73001B29C7 /* MarvelApiENdereco.swift in Sources */,
				F825E0D327F788D4001B29C7 /* SceneDelegate.swift in Sources */,
				F825E0E727F78A44001B29C7 /* ProfileCell.swift in Sources */,
				F825E10F27FA8B2F001B29C7 /* API.swift in Sources */,
			);
			runOnlyForDeploymentPostprocessing = 0;
		};
/* End PBXSourcesBuildPhase section */

/* Begin PBXVariantGroup section */
		F825E0D627F788D4001B29C7 /* Main.storyboard */ = {
			isa = PBXVariantGroup;
			children = (
				F825E0D727F788D4001B29C7 /* Base */,
			);
			name = Main.storyboard;
			sourceTree = "<group>";
		};
		F825E0DB27F788D6001B29C7 /* LaunchScreen.storyboard */ = {
			isa = PBXVariantGroup;
			children = (
				F825E0DC27F788D6001B29C7 /* Base */,
			);
			name = LaunchScreen.storyboard;
			sourceTree = "<group>";
		};
/* End PBXVariantGroup section */

/* Begin XCBuildConfiguration section */
		F825E0DF27F788D6001B29C7 /* Debug */ = {
			isa = XCBuildConfiguration;
			buildSettings = {
				ALWAYS_SEARCH_USER_PATHS = NO;
				CLANG_ANALYZER_NONNULL = YES;
				CLANG_ANALYZER_NUMBER_OBJECT_CONVERSION = YES_AGGRESSIVE;
				CLANG_CXX_LANGUAGE_STANDARD = "gnu++17";
				CLANG_CXX_LIBRARY = "libc++";
				CLANG_ENABLE_MODULES = YES;
				CLANG_ENABLE_OBJC_ARC = YES;
				CLANG_ENABLE_OBJC_WEAK = YES;
				CLANG_WARN_BLOCK_CAPTURE_AUTORELEASING = YES;
				CLANG_WARN_BOOL_CONVERSION = YES;
				CLANG_WARN_COMMA = YES;
				CLANG_WARN_CONSTANT_CONVERSION = YES;
				CLANG_WARN_DEPRECATED_OBJC_IMPLEMENTATIONS = YES;
				CLANG_WARN_DIRECT_OBJC_ISA_USAGE = YES_ERROR;
				CLANG_WARN_DOCUMENTATION_COMMENTS = YES;
				CLANG_WARN_EMPTY_BODY = YES;
				CLANG_WARN_ENUM_CONVERSION = YES;
				CLANG_WARN_INFINITE_RECURSION = YES;
				CLANG_WARN_INT_CONVERSION = YES;
				CLANG_WARN_NON_LITERAL_NULL_CONVERSION = YES;
				CLANG_WARN_OBJC_IMPLICIT_RETAIN_SELF = YES;
				CLANG_WARN_OBJC_LITERAL_CONVERSION = YES;
				CLANG_WARN_OBJC_ROOT_CLASS = YES_ERROR;
				CLANG_WARN_QUOTED_INCLUDE_IN_FRAMEWORK_HEADER = YES;
				CLANG_WARN_RANGE_LOOP_ANALYSIS = YES;
				CLANG_WARN_STRICT_PROTOTYPES = YES;
				CLANG_WARN_SUSPICIOUS_MOVE = YES;
				CLANG_WARN_UNGUARDED_AVAILABILITY = YES_AGGRESSIVE;
				CLANG_WARN_UNREACHABLE_CODE = YES;
				CLANG_WARN__DUPLICATE_METHOD_MATCH = YES;
				COPY_PHASE_STRIP = NO;
				DEBUG_INFORMATION_FORMAT = dwarf;
				ENABLE_STRICT_OBJC_MSGSEND = YES;
				ENABLE_TESTABILITY = YES;
				GCC_C_LANGUAGE_STANDARD = gnu11;
				GCC_DYNAMIC_NO_PIC = NO;
				GCC_NO_COMMON_BLOCKS = YES;
				GCC_OPTIMIZATION_LEVEL = 0;
				GCC_PREPROCESSOR_DEFINITIONS = (
					"DEBUG=1",
					"$(inherited)",
				);
				GCC_WARN_64_TO_32_BIT_CONVERSION = YES;
				GCC_WARN_ABOUT_RETURN_TYPE = YES_ERROR;
				GCC_WARN_UNDECLARED_SELECTOR = YES;
				GCC_WARN_UNINITIALIZED_AUTOS = YES_AGGRESSIVE;
				GCC_WARN_UNUSED_FUNCTION = YES;
				GCC_WARN_UNUSED_VARIABLE = YES;
				IPHONEOS_DEPLOYMENT_TARGET = 15.2;
				MTL_ENABLE_DEBUG_INFO = INCLUDE_SOURCE;
				MTL_FAST_MATH = YES;
				ONLY_ACTIVE_ARCH = YES;
				SDKROOT = iphoneos;
				SWIFT_ACTIVE_COMPILATION_CONDITIONS = DEBUG;
				SWIFT_OPTIMIZATION_LEVEL = "-Onone";
			};
			name = Debug;
		};
		F825E0E027F788D6001B29C7 /* Release */ = {
			isa = XCBuildConfiguration;
			buildSettings = {
				ALWAYS_SEARCH_USER_PATHS = NO;
				CLANG_ANALYZER_NONNULL = YES;
				CLANG_ANALYZER_NUMBER_OBJECT_CONVERSION = YES_AGGRESSIVE;
				CLANG_CXX_LANGUAGE_STANDARD = "gnu++17";
				CLANG_CXX_LIBRARY = "libc++";
				CLANG_ENABLE_MODULES = YES;
				CLANG_ENABLE_OBJC_ARC = YES;
				CLANG_ENABLE_OBJC_WEAK = YES;
				CLANG_WARN_BLOCK_CAPTURE_AUTORELEASING = YES;
				CLANG_WARN_BOOL_CONVERSION = YES;
				CLANG_WARN_COMMA = YES;
				CLANG_WARN_CONSTANT_CONVERSION = YES;
				CLANG_WARN_DEPRECATED_OBJC_IMPLEMENTATIONS = YES;
				CLANG_WARN_DIRECT_OBJC_ISA_USAGE = YES_ERROR;
				CLANG_WARN_DOCUMENTATION_COMMENTS = YES;
				CLANG_WARN_EMPTY_BODY = YES;
				CLANG_WARN_ENUM_CONVERSION = YES;
				CLANG_WARN_INFINITE_RECURSION = YES;
				CLANG_WARN_INT_CONVERSION = YES;
				CLANG_WARN_NON_LITERAL_NULL_CONVERSION = YES;
				CLANG_WARN_OBJC_IMPLICIT_RETAIN_SELF = YES;
				CLANG_WARN_OBJC_LITERAL_CONVERSION = YES;
				CLANG_WARN_OBJC_ROOT_CLASS = YES_ERROR;
				CLANG_WARN_QUOTED_INCLUDE_IN_FRAMEWORK_HEADER = YES;
				CLANG_WARN_RANGE_LOOP_ANALYSIS = YES;
				CLANG_WARN_STRICT_PROTOTYPES = YES;
				CLANG_WARN_SUSPICIOUS_MOVE = YES;
				CLANG_WARN_UNGUARDED_AVAILABILITY = YES_AGGRESSIVE;
				CLANG_WARN_UNREACHABLE_CODE = YES;
				CLANG_WARN__DUPLICATE_METHOD_MATCH = YES;
				COPY_PHASE_STRIP = NO;
				DEBUG_INFORMATION_FORMAT = "dwarf-with-dsym";
				ENABLE_NS_ASSERTIONS = NO;
				ENABLE_STRICT_OBJC_MSGSEND = YES;
				GCC_C_LANGUAGE_STANDARD = gnu11;
				GCC_NO_COMMON_BLOCKS = YES;
				GCC_WARN_64_TO_32_BIT_CONVERSION = YES;
				GCC_WARN_ABOUT_RETURN_TYPE = YES_ERROR;
				GCC_WARN_UNDECLARED_SELECTOR = YES;
				GCC_WARN_UNINITIALIZED_AUTOS = YES_AGGRESSIVE;
				GCC_WARN_UNUSED_FUNCTION = YES;
				GCC_WARN_UNUSED_VARIABLE = YES;
				IPHONEOS_DEPLOYMENT_TARGET = 15.2;
				MTL_ENABLE_DEBUG_INFO = NO;
				MTL_FAST_MATH = YES;
				SDKROOT = iphoneos;
				SWIFT_COMPILATION_MODE = wholemodule;
				SWIFT_OPTIMIZATION_LEVEL = "-O";
				VALIDATE_PRODUCT = YES;
			};
			name = Release;
		};
		F825E0E227F788D6001B29C7 /* Debug */ = {
			isa = XCBuildConfiguration;
			buildSettings = {
				ASSETCATALOG_COMPILER_APPICON_NAME = AppIcon;
				ASSETCATALOG_COMPILER_GLOBAL_ACCENT_COLOR_NAME = AccentColor;
				CODE_SIGN_STYLE = Automatic;
				CURRENT_PROJECT_VERSION = 1;
				DEVELOPMENT_TEAM = UUW7T38LGA;
				GENERATE_INFOPLIST_FILE = YES;
				INFOPLIST_FILE = "Swift-Card's-API-Marvel/Info.plist";
				INFOPLIST_KEY_UIApplicationSupportsIndirectInputEvents = YES;
				INFOPLIST_KEY_UILaunchStoryboardName = LaunchScreen;
				INFOPLIST_KEY_UIMainStoryboardFile = Main;
				INFOPLIST_KEY_UISupportedInterfaceOrientations_iPad = "UIInterfaceOrientationPortrait UIInterfaceOrientationPortraitUpsideDown UIInterfaceOrientationLandscapeLeft UIInterfaceOrientationLandscapeRight";
				INFOPLIST_KEY_UISupportedInterfaceOrientations_iPhone = "UIInterfaceOrientationPortrait UIInterfaceOrientationLandscapeLeft UIInterfaceOrientationLandscapeRight";
				LD_RUNPATH_SEARCH_PATHS = (
					"$(inherited)",
					"@executable_path/Frameworks",
				);
				MARKETING_VERSION = 1.0;
				PRODUCT_BUNDLE_IDENTIFIER = "Emulador-iPhone.Swift-Card-s-API-Marvel";
				PRODUCT_NAME = "$(TARGET_NAME)";
				SWIFT_EMIT_LOC_STRINGS = YES;
				SWIFT_VERSION = 5.0;
				TARGETED_DEVICE_FAMILY = "1,2";
			};
			name = Debug;
		};
		F825E0E327F788D6001B29C7 /* Release */ = {
			isa = XCBuildConfiguration;
			buildSettings = {
				ASSETCATALOG_COMPILER_APPICON_NAME = AppIcon;
				ASSETCATALOG_COMPILER_GLOBAL_ACCENT_COLOR_NAME = AccentColor;
				CODE_SIGN_STYLE = Automatic;
				CURRENT_PROJECT_VERSION = 1;
				DEVELOPMENT_TEAM = UUW7T38LGA;
				GENERATE_INFOPLIST_FILE = YES;
				INFOPLIST_FILE = "Swift-Card's-API-Marvel/Info.plist";
				INFOPLIST_KEY_UIApplicationSupportsIndirectInputEvents = YES;
				INFOPLIST_KEY_UILaunchStoryboardName = LaunchScreen;
				INFOPLIST_KEY_UIMainStoryboardFile = Main;
				INFOPLIST_KEY_UISupportedInterfaceOrientations_iPad = "UIInterfaceOrientationPortrait UIInterfaceOrientationPortraitUpsideDown UIInterfaceOrientationLandscapeLeft UIInterfaceOrientationLandscapeRight";
				INFOPLIST_KEY_UISupportedInterfaceOrientations_iPhone = "UIInterfaceOrientationPortrait UIInterfaceOrientationLandscapeLeft UIInterfaceOrientationLandscapeRight";
				LD_RUNPATH_SEARCH_PATHS = (
					"$(inherited)",
					"@executable_path/Frameworks",
				);
				MARKETING_VERSION = 1.0;
				PRODUCT_BUNDLE_IDENTIFIER = "Emulador-iPhone.Swift-Card-s-API-Marvel";
				PRODUCT_NAME = "$(TARGET_NAME)";
				SWIFT_EMIT_LOC_STRINGS = YES;
				SWIFT_VERSION = 5.0;
				TARGETED_DEVICE_FAMILY = "1,2";
			};
			name = Release;
		};
/* End XCBuildConfiguration section */

/* Begin XCConfigurationList section */
		F825E0C827F788D4001B29C7 /* Build configuration list for PBXProject "Swift-Card's-API-Marvel" */ = {
			isa = XCConfigurationList;
			buildConfigurations = (
				F825E0DF27F788D6001B29C7 /* Debug */,
				F825E0E027F788D6001B29C7 /* Release */,
			);
			defaultConfigurationIsVisible = 0;
			defaultConfigurationName = Release;
		};
		F825E0E127F788D6001B29C7 /* Build configuration list for PBXNativeTarget "Swift-Card's-API-Marvel" */ = {
			isa = XCConfigurationList;
			buildConfigurations = (
				F825E0E227F788D6001B29C7 /* Debug */,
				F825E0E327F788D6001B29C7 /* Release */,
			);
			defaultConfigurationIsVisible = 0;
			defaultConfigurationName = Release;
		};
/* End XCConfigurationList section */
	};
	rootObject = F825E0C527F788D4001B29C7 /* Project object */;
}
